
Microsoft Visual Studio Solution File, Format Version 12.00
# Visual Studio Version 17
VisualStudioVersion = 17.14.36109.1 d17.14
MinimumVisualStudioVersion = 10.0.40219.1
Project("{FAE04EC0-301F-11D3-BF4B-00C04F79EFBC}") = "CEGA", "CEGA\CEGA.csproj", "{A69C8C32-740B-4FF5-9116-1A8FA00058D0}"
EndProject
Global
	GlobalSection(SolutionConfigurationPlatforms) = preSolution
		Debug|Any CPU = Debug|Any CPU
		Release|Any CPU = Release|Any CPU
	EndGlobalSection
	GlobalSection(ProjectConfigurationPlatforms) = postSolution
		{A69C8C32-740B-4FF5-9116-1A8FA00058D0}.Debug|Any CPU.ActiveCfg = Debug|Any CPU
		{A69C8C32-740B-4FF5-9116-1A8FA00058D0}.Debug|Any CPU.Build.0 = Debug|Any CPU
		{A69C8C32-740B-4FF5-9116-1A8FA00058D0}.Release|Any CPU.ActiveCfg = Release|Any CPU
		{A69C8C32-740B-4FF5-9116-1A8FA00058D0}.Release|Any CPU.Build.0 = Release|Any CPU
	EndGlobalSection
	GlobalSection(SolutionProperties) = preSolution
		HideSolutionNode = FALSE
	EndGlobalSection
	GlobalSection(ExtensibilityGlobals) = postSolution
		SolutionGuid = {29F8D2D7-F5FD-45C9-9F87-1B58395B090F}
	EndGlobalSection
EndGlobal
